
Microsoft Visual Studio Solution File, Format Version 12.00
# Visual Studio Version 17
VisualStudioVersion = 17.2.32630.192
MinimumVisualStudioVersion = 10.0.40219.1
Project("{FAE04EC0-301F-11D3-BF4B-00C04F79EFBC}") = "MindBox_Library", "MindBox_Library\MindBox_Library.csproj", "{C0F249F0-20BB-44B0-AB72-A21E9947065E}"
EndProject
Project("{FAE04EC0-301F-11D3-BF4B-00C04F79EFBC}") = "Tests", "Tests\Tests.csproj", "{7F2ADCC1-159F-4CFD-9B62-AE1C386AC14E}"
EndProject
Global
	GlobalSection(SolutionConfigurationPlatforms) = preSolution
		Debug|Any CPU = Debug|Any CPU
		Release|Any CPU = Release|Any CPU
	EndGlobalSection
	GlobalSection(ProjectConfigurationPlatforms) = postSolution
		{C0F249F0-20BB-44B0-AB72-A21E9947065E}.Debug|Any CPU.ActiveCfg = Debug|Any CPU
		{C0F249F0-20BB-44B0-AB72-A21E9947065E}.Debug|Any CPU.Build.0 = Debug|Any CPU
		{C0F249F0-20BB-44B0-AB72-A21E9947065E}.Release|Any CPU.ActiveCfg = Release|Any CPU
		{C0F249F0-20BB-44B0-AB72-A21E9947065E}.Release|Any CPU.Build.0 = Release|Any CPU
		{7F2ADCC1-159F-4CFD-9B62-AE1C386AC14E}.Debug|Any CPU.ActiveCfg = Debug|Any CPU
		{7F2ADCC1-159F-4CFD-9B62-AE1C386AC14E}.Debug|Any CPU.Build.0 = Debug|Any CPU
		{7F2ADCC1-159F-4CFD-9B62-AE1C386AC14E}.Release|Any CPU.ActiveCfg = Release|Any CPU
		{7F2ADCC1-159F-4CFD-9B62-AE1C386AC14E}.Release|Any CPU.Build.0 = Release|Any CPU
	EndGlobalSection
	GlobalSection(SolutionProperties) = preSolution
		HideSolutionNode = FALSE
	EndGlobalSection
	GlobalSection(ExtensibilityGlobals) = postSolution
		SolutionGuid = {14DDC632-A4A5-4B56-8705-75AC0E0DB5CB}
	EndGlobalSection
EndGlobal
